
Microsoft Visual Studio Solution File, Format Version 12.00
# Visual Studio Version 17
VisualStudioVersion = 17.8.34316.72
MinimumVisualStudioVersion = 10.0.40219.1
Project("{9A19103F-16F7-4668-BE54-9A1E7A4F7556}") = "DotNetTrainingBatch3.ConsoleApp", "DotNetTrainingBatch3.ConsoleApp\DotNetTrainingBatch3.ConsoleApp.csproj", "{15D7B56B-07FD-41E6-92BC-EEA0D5999250}"
EndProject
Project("{2150E333-8FDC-42A3-9474-1A3956D46DE8}") = "Documents", "Documents", "{32FBE4E2-8C19-4B4F-8D6E-8E7E4936B8A9}"
	ProjectSection(SolutionItems) = preProject
		ReadMe.md = ReadMe.md
	EndProjectSection
EndProject
Project("{9A19103F-16F7-4668-BE54-9A1E7A4F7556}") = "DotNetTrainingBatch3.WebAPI", "DotNetTrainingBatch3.WebAPI\DotNetTrainingBatch3.WebAPI.csproj", "{28A82B3C-2046-4AAA-BAF2-B02FC61F2AF3}"
EndProject
Project("{9A19103F-16F7-4668-BE54-9A1E7A4F7556}") = "DotNetTrainingBatch3.BirdWebAPI", "DotNetTrainingBatch3.BirdWebAPI\DotNetTrainingBatch3.BirdWebAPI.csproj", "{24DC88CE-36FA-43E2-B398-FED324C2589B}"
EndProject
Project("{9A19103F-16F7-4668-BE54-9A1E7A4F7556}") = "DotNetTrainingBatch3.MvcApp", "DotNetTrainingBatch3.MvcApp\DotNetTrainingBatch3.MvcApp.csproj", "{10C8EA73-7A7C-4E63-9A21-57D911BBBC01}"
EndProject
Project("{9A19103F-16F7-4668-BE54-9A1E7A4F7556}") = "DotNetTrainingBatch3.HW.ATMapp", "DotNetTrainingBatch3.HW.ATMapp\DotNetTrainingBatch3.HW.ATMapp.csproj", "{67CB41B5-8BBE-4778-BDD1-364A6E3DFBDF}"
EndProject
Project("{9A19103F-16F7-4668-BE54-9A1E7A4F7556}") = "DotNetTrainingBatch3.LoginApp", "DotNetTrainingBatch3.LoginApp\DotNetTrainingBatch3.LoginApp.csproj", "{FB55F00A-A691-4CB1-8091-8014532B18F0}"
EndProject
Project("{FAE04EC0-301F-11D3-BF4B-00C04F79EFBC}") = "DotNetTrainingBatch3.ChatApp", "DotNetTrainingBatch3.ChatApp\DotNetTrainingBatch3.ChatApp.csproj", "{D80EEE77-4BE5-4FCB-BC45-7C2E8F3F682A}"
EndProject
Global
	GlobalSection(SolutionConfigurationPlatforms) = preSolution
		Debug|Any CPU = Debug|Any CPU
		Release|Any CPU = Release|Any CPU
	EndGlobalSection
	GlobalSection(ProjectConfigurationPlatforms) = postSolution
		{15D7B56B-07FD-41E6-92BC-EEA0D5999250}.Debug|Any CPU.ActiveCfg = Debug|Any CPU
		{15D7B56B-07FD-41E6-92BC-EEA0D5999250}.Debug|Any CPU.Build.0 = Debug|Any CPU
		{15D7B56B-07FD-41E6-92BC-EEA0D5999250}.Release|Any CPU.ActiveCfg = Release|Any CPU
		{15D7B56B-07FD-41E6-92BC-EEA0D5999250}.Release|Any CPU.Build.0 = Release|Any CPU
		{28A82B3C-2046-4AAA-BAF2-B02FC61F2AF3}.Debug|Any CPU.ActiveCfg = Debug|Any CPU
		{28A82B3C-2046-4AAA-BAF2-B02FC61F2AF3}.Debug|Any CPU.Build.0 = Debug|Any CPU
		{28A82B3C-2046-4AAA-BAF2-B02FC61F2AF3}.Release|Any CPU.ActiveCfg = Release|Any CPU
		{28A82B3C-2046-4AAA-BAF2-B02FC61F2AF3}.Release|Any CPU.Build.0 = Release|Any CPU
		{24DC88CE-36FA-43E2-B398-FED324C2589B}.Debug|Any CPU.ActiveCfg = Debug|Any CPU
		{24DC88CE-36FA-43E2-B398-FED324C2589B}.Debug|Any CPU.Build.0 = Debug|Any CPU
		{24DC88CE-36FA-43E2-B398-FED324C2589B}.Release|Any CPU.ActiveCfg = Release|Any CPU
		{24DC88CE-36FA-43E2-B398-FED324C2589B}.Release|Any CPU.Build.0 = Release|Any CPU
		{10C8EA73-7A7C-4E63-9A21-57D911BBBC01}.Debug|Any CPU.ActiveCfg = Debug|Any CPU
		{10C8EA73-7A7C-4E63-9A21-57D911BBBC01}.Debug|Any CPU.Build.0 = Debug|Any CPU
		{10C8EA73-7A7C-4E63-9A21-57D911BBBC01}.Release|Any CPU.ActiveCfg = Release|Any CPU
		{10C8EA73-7A7C-4E63-9A21-57D911BBBC01}.Release|Any CPU.Build.0 = Release|Any CPU
		{67CB41B5-8BBE-4778-BDD1-364A6E3DFBDF}.Debug|Any CPU.ActiveCfg = Debug|Any CPU
		{67CB41B5-8BBE-4778-BDD1-364A6E3DFBDF}.Debug|Any CPU.Build.0 = Debug|Any CPU
		{67CB41B5-8BBE-4778-BDD1-364A6E3DFBDF}.Release|Any CPU.ActiveCfg = Release|Any CPU
		{67CB41B5-8BBE-4778-BDD1-364A6E3DFBDF}.Release|Any CPU.Build.0 = Release|Any CPU
		{FB55F00A-A691-4CB1-8091-8014532B18F0}.Debug|Any CPU.ActiveCfg = Debug|Any CPU
		{FB55F00A-A691-4CB1-8091-8014532B18F0}.Debug|Any CPU.Build.0 = Debug|Any CPU
		{FB55F00A-A691-4CB1-8091-8014532B18F0}.Release|Any CPU.ActiveCfg = Release|Any CPU
		{FB55F00A-A691-4CB1-8091-8014532B18F0}.Release|Any CPU.Build.0 = Release|Any CPU
		{D80EEE77-4BE5-4FCB-BC45-7C2E8F3F682A}.Debug|Any CPU.ActiveCfg = Debug|Any CPU
		{D80EEE77-4BE5-4FCB-BC45-7C2E8F3F682A}.Debug|Any CPU.Build.0 = Debug|Any CPU
		{D80EEE77-4BE5-4FCB-BC45-7C2E8F3F682A}.Release|Any CPU.ActiveCfg = Release|Any CPU
		{D80EEE77-4BE5-4FCB-BC45-7C2E8F3F682A}.Release|Any CPU.Build.0 = Release|Any CPU
	EndGlobalSection
	GlobalSection(SolutionProperties) = preSolution
		HideSolutionNode = FALSE
	EndGlobalSection
	GlobalSection(ExtensibilityGlobals) = postSolution
		SolutionGuid = {BDFA67F2-E4F8-4FBC-B454-06398AF9E799}
	EndGlobalSection
EndGlobal
